
Microsoft Visual Studio Solution File, Format Version 12.00
# Visual Studio Version 16
VisualStudioVersion = 16.0.30204.135
MinimumVisualStudioVersion = 10.0.40219.1
Project("{FAE04EC0-301F-11D3-BF4B-00C04F79EFBC}") = "Classes", "Classes\Classes.csproj", "{C3F3E31A-5902-46F9-8738-AF34CEE8C7B7}"
EndProject
Global
	GlobalSection(SolutionConfigurationPlatforms) = preSolution
		Debug|Any CPU = Debug|Any CPU
		Release|Any CPU = Release|Any CPU
	EndGlobalSection
	GlobalSection(ProjectConfigurationPlatforms) = postSolution
		{C3F3E31A-5902-46F9-8738-AF34CEE8C7B7}.Debug|Any CPU.ActiveCfg = Debug|Any CPU
		{C3F3E31A-5902-46F9-8738-AF34CEE8C7B7}.Debug|Any CPU.Build.0 = Debug|Any CPU
		{C3F3E31A-5902-46F9-8738-AF34CEE8C7B7}.Release|Any CPU.ActiveCfg = Release|Any CPU
		{C3F3E31A-5902-46F9-8738-AF34CEE8C7B7}.Release|Any CPU.Build.0 = Release|Any CPU
	EndGlobalSection
	GlobalSection(SolutionProperties) = preSolution
		HideSolutionNode = FALSE
	EndGlobalSection
	GlobalSection(ExtensibilityGlobals) = postSolution
		SolutionGuid = {387519B2-2D91-4797-B427-5CE7D6D13236}
	EndGlobalSection
EndGlobal
